
Microsoft Visual Studio Solution File, Format Version 12.00
# Visual Studio 15
VisualStudioVersion = 15.0.28307.271
MinimumVisualStudioVersion = 10.0.40219.1
Project("{FAE04EC0-301F-11D3-BF4B-00C04F79EFBC}") = "SicurTracker.Android", "SicurTracker\SicurTracker.Android\SicurTracker.Android.csproj", "{101EFD44-F61A-4346-B16E-66DCD64E3D0D}"
EndProject
Project("{FAE04EC0-301F-11D3-BF4B-00C04F79EFBC}") = "SicurTracker.iOS", "SicurTracker\SicurTracker.iOS\SicurTracker.iOS.csproj", "{D1EC0FC6-E925-4358-9285-3119646435BF}"
EndProject
Project("{FAE04EC0-301F-11D3-BF4B-00C04F79EFBC}") = "SicurTracker", "SicurTracker\SicurTracker\SicurTracker.csproj", "{C339C5EC-14B6-4EB3-A2B9-09F0D46D10EC}"
EndProject
Global
	GlobalSection(SolutionConfigurationPlatforms) = preSolution
		Ad-Hoc|Any CPU = Ad-Hoc|Any CPU
		Ad-Hoc|iPhone = Ad-Hoc|iPhone
		Ad-Hoc|iPhoneSimulator = Ad-Hoc|iPhoneSimulator
		AppStore|Any CPU = AppStore|Any CPU
		AppStore|iPhone = AppStore|iPhone
		AppStore|iPhoneSimulator = AppStore|iPhoneSimulator
		Debug|Any CPU = Debug|Any CPU
		Debug|iPhone = Debug|iPhone
		Debug|iPhoneSimulator = Debug|iPhoneSimulator
		Release|Any CPU = Release|Any CPU
		Release|iPhone = Release|iPhone
		Release|iPhoneSimulator = Release|iPhoneSimulator
	EndGlobalSection
	GlobalSection(ProjectConfigurationPlatforms) = postSolution
		{101EFD44-F61A-4346-B16E-66DCD64E3D0D}.Ad-Hoc|Any CPU.ActiveCfg = Release|Any CPU
		{101EFD44-F61A-4346-B16E-66DCD64E3D0D}.Ad-Hoc|Any CPU.Build.0 = Release|Any CPU
		{101EFD44-F61A-4346-B16E-66DCD64E3D0D}.Ad-Hoc|Any CPU.Deploy.0 = Release|Any CPU
		{101EFD44-F61A-4346-B16E-66DCD64E3D0D}.Ad-Hoc|iPhone.ActiveCfg = Release|Any CPU
		{101EFD44-F61A-4346-B16E-66DCD64E3D0D}.Ad-Hoc|iPhone.Build.0 = Release|Any CPU
		{101EFD44-F61A-4346-B16E-66DCD64E3D0D}.Ad-Hoc|iPhone.Deploy.0 = Release|Any CPU
		{101EFD44-F61A-4346-B16E-66DCD64E3D0D}.Ad-Hoc|iPhoneSimulator.ActiveCfg = Release|Any CPU
		{101EFD44-F61A-4346-B16E-66DCD64E3D0D}.Ad-Hoc|iPhoneSimulator.Build.0 = Release|Any CPU
		{101EFD44-F61A-4346-B16E-66DCD64E3D0D}.Ad-Hoc|iPhoneSimulator.Deploy.0 = Release|Any CPU
		{101EFD44-F61A-4346-B16E-66DCD64E3D0D}.AppStore|Any CPU.ActiveCfg = Release|Any CPU
		{101EFD44-F61A-4346-B16E-66DCD64E3D0D}.AppStore|Any CPU.Build.0 = Release|Any CPU
		{101EFD44-F61A-4346-B16E-66DCD64E3D0D}.AppStore|Any CPU.Deploy.0 = Release|Any CPU
		{101EFD44-F61A-4346-B16E-66DCD64E3D0D}.AppStore|iPhone.ActiveCfg = Release|Any CPU
		{101EFD44-F61A-4346-B16E-66DCD64E3D0D}.AppStore|iPhone.Build.0 = Release|Any CPU
		{101EFD44-F61A-4346-B16E-66DCD64E3D0D}.AppStore|iPhone.Deploy.0 = Release|Any CPU
		{101EFD44-F61A-4346-B16E-66DCD64E3D0D}.AppStore|iPhoneSimulator.ActiveCfg = Release|Any CPU
		{101EFD44-F61A-4346-B16E-66DCD64E3D0D}.AppStore|iPhoneSimulator.Build.0 = Release|Any CPU
		{101EFD44-F61A-4346-B16E-66DCD64E3D0D}.AppStore|iPhoneSimulator.Deploy.0 = Release|Any CPU
		{101EFD44-F61A-4346-B16E-66DCD64E3D0D}.Debug|Any CPU.ActiveCfg = Release|Any CPU
		{101EFD44-F61A-4346-B16E-66DCD64E3D0D}.Debug|Any CPU.Build.0 = Release|Any CPU
		{101EFD44-F61A-4346-B16E-66DCD64E3D0D}.Debug|Any CPU.Deploy.0 = Release|Any CPU
		{101EFD44-F61A-4346-B16E-66DCD64E3D0D}.Debug|iPhone.ActiveCfg = Debug|Any CPU
		{101EFD44-F61A-4346-B16E-66DCD64E3D0D}.Debug|iPhone.Build.0 = Debug|Any CPU
		{101EFD44-F61A-4346-B16E-66DCD64E3D0D}.Debug|iPhone.Deploy.0 = Debug|Any CPU
		{101EFD44-F61A-4346-B16E-66DCD64E3D0D}.Debug|iPhoneSimulator.ActiveCfg = Debug|Any CPU
		{101EFD44-F61A-4346-B16E-66DCD64E3D0D}.Debug|iPhoneSimulator.Build.0 = Debug|Any CPU
		{101EFD44-F61A-4346-B16E-66DCD64E3D0D}.Debug|iPhoneSimulator.Deploy.0 = Debug|Any CPU
		{101EFD44-F61A-4346-B16E-66DCD64E3D0D}.Release|Any CPU.ActiveCfg = Release|Any CPU
		{101EFD44-F61A-4346-B16E-66DCD64E3D0D}.Release|Any CPU.Build.0 = Release|Any CPU
		{101EFD44-F61A-4346-B16E-66DCD64E3D0D}.Release|Any CPU.Deploy.0 = Release|Any CPU
		{101EFD44-F61A-4346-B16E-66DCD64E3D0D}.Release|iPhone.ActiveCfg = Release|Any CPU
		{101EFD44-F61A-4346-B16E-66DCD64E3D0D}.Release|iPhone.Build.0 = Release|Any CPU
		{101EFD44-F61A-4346-B16E-66DCD64E3D0D}.Release|iPhone.Deploy.0 = Release|Any CPU
		{101EFD44-F61A-4346-B16E-66DCD64E3D0D}.Release|iPhoneSimulator.ActiveCfg = Release|Any CPU
		{101EFD44-F61A-4346-B16E-66DCD64E3D0D}.Release|iPhoneSimulator.Build.0 = Release|Any CPU
		{101EFD44-F61A-4346-B16E-66DCD64E3D0D}.Release|iPhoneSimulator.Deploy.0 = Release|Any CPU
		{D1EC0FC6-E925-4358-9285-3119646435BF}.Ad-Hoc|Any CPU.ActiveCfg = Ad-Hoc|iPhone
		{D1EC0FC6-E925-4358-9285-3119646435BF}.Ad-Hoc|Any CPU.Build.0 = Ad-Hoc|iPhone
		{D1EC0FC6-E925-4358-9285-3119646435BF}.Ad-Hoc|Any CPU.Deploy.0 = Ad-Hoc|iPhone
		{D1EC0FC6-E925-4358-9285-3119646435BF}.Ad-Hoc|iPhone.ActiveCfg = Ad-Hoc|iPhone
		{D1EC0FC6-E925-4358-9285-3119646435BF}.Ad-Hoc|iPhone.Build.0 = Ad-Hoc|iPhone
		{D1EC0FC6-E925-4358-9285-3119646435BF}.Ad-Hoc|iPhone.Deploy.0 = Ad-Hoc|iPhone
		{D1EC0FC6-E925-4358-9285-3119646435BF}.Ad-Hoc|iPhoneSimulator.ActiveCfg = Ad-Hoc|iPhoneSimulator
		{D1EC0FC6-E925-4358-9285-3119646435BF}.Ad-Hoc|iPhoneSimulator.Build.0 = Ad-Hoc|iPhoneSimulator
		{D1EC0FC6-E925-4358-9285-3119646435BF}.Ad-Hoc|iPhoneSimulator.Deploy.0 = Ad-Hoc|iPhoneSimulator
		{D1EC0FC6-E925-4358-9285-3119646435BF}.AppStore|Any CPU.ActiveCfg = AppStore|iPhone
		{D1EC0FC6-E925-4358-9285-3119646435BF}.AppStore|Any CPU.Build.0 = AppStore|iPhone
		{D1EC0FC6-E925-4358-9285-3119646435BF}.AppStore|Any CPU.Deploy.0 = AppStore|iPhone
		{D1EC0FC6-E925-4358-9285-3119646435BF}.AppStore|iPhone.ActiveCfg = AppStore|iPhone
		{D1EC0FC6-E925-4358-9285-3119646435BF}.AppStore|iPhone.Build.0 = AppStore|iPhone
		{D1EC0FC6-E925-4358-9285-3119646435BF}.AppStore|iPhone.Deploy.0 = AppStore|iPhone
		{D1EC0FC6-E925-4358-9285-3119646435BF}.AppStore|iPhoneSimulator.ActiveCfg = AppStore|iPhoneSimulator
		{D1EC0FC6-E925-4358-9285-3119646435BF}.AppStore|iPhoneSimulator.Build.0 = AppStore|iPhoneSimulator
		{D1EC0FC6-E925-4358-9285-3119646435BF}.AppStore|iPhoneSimulator.Deploy.0 = AppStore|iPhoneSimulator
		{D1EC0FC6-E925-4358-9285-3119646435BF}.Debug|Any CPU.ActiveCfg = Debug|iPhoneSimulator
		{D1EC0FC6-E925-4358-9285-3119646435BF}.Debug|Any CPU.Build.0 = Debug|iPhoneSimulator
		{D1EC0FC6-E925-4358-9285-3119646435BF}.Debug|Any CPU.Deploy.0 = Debug|iPhoneSimulator
		{D1EC0FC6-E925-4358-9285-3119646435BF}.Debug|iPhone.ActiveCfg = Debug|iPhone
		{D1EC0FC6-E925-4358-9285-3119646435BF}.Debug|iPhone.Build.0 = Debug|iPhone
		{D1EC0FC6-E925-4358-9285-3119646435BF}.Debug|iPhone.Deploy.0 = Debug|iPhone
		{D1EC0FC6-E925-4358-9285-3119646435BF}.Debug|iPhoneSimulator.ActiveCfg = Debug|iPhoneSimulator
		{D1EC0FC6-E925-4358-9285-3119646435BF}.Debug|iPhoneSimulator.Build.0 = Debug|iPhoneSimulator
		{D1EC0FC6-E925-4358-9285-3119646435BF}.Debug|iPhoneSimulator.Deploy.0 = Debug|iPhoneSimulator
		{D1EC0FC6-E925-4358-9285-3119646435BF}.Release|Any CPU.ActiveCfg = Release|iPhone
		{D1EC0FC6-E925-4358-9285-3119646435BF}.Release|Any CPU.Build.0 = Release|iPhone
		{D1EC0FC6-E925-4358-9285-3119646435BF}.Release|Any CPU.Deploy.0 = Release|iPhone
		{D1EC0FC6-E925-4358-9285-3119646435BF}.Release|iPhone.ActiveCfg = Release|iPhone
		{D1EC0FC6-E925-4358-9285-3119646435BF}.Release|iPhone.Build.0 = Release|iPhone
		{D1EC0FC6-E925-4358-9285-3119646435BF}.Release|iPhone.Deploy.0 = Release|iPhone
		{D1EC0FC6-E925-4358-9285-3119646435BF}.Release|iPhoneSimulator.ActiveCfg = Release|iPhoneSimulator
		{D1EC0FC6-E925-4358-9285-3119646435BF}.Release|iPhoneSimulator.Build.0 = Release|iPhoneSimulator
		{D1EC0FC6-E925-4358-9285-3119646435BF}.Release|iPhoneSimulator.Deploy.0 = Release|iPhoneSimulator
		{C339C5EC-14B6-4EB3-A2B9-09F0D46D10EC}.Ad-Hoc|Any CPU.ActiveCfg = Debug|Any CPU
		{C339C5EC-14B6-4EB3-A2B9-09F0D46D10EC}.Ad-Hoc|Any CPU.Build.0 = Debug|Any CPU
		{C339C5EC-14B6-4EB3-A2B9-09F0D46D10EC}.Ad-Hoc|Any CPU.Deploy.0 = Debug|Any CPU
		{C339C5EC-14B6-4EB3-A2B9-09F0D46D10EC}.Ad-Hoc|iPhone.ActiveCfg = Debug|Any CPU
		{C339C5EC-14B6-4EB3-A2B9-09F0D46D10EC}.Ad-Hoc|iPhone.Build.0 = Debug|Any CPU
		{C339C5EC-14B6-4EB3-A2B9-09F0D46D10EC}.Ad-Hoc|iPhone.Deploy.0 = Debug|Any CPU
		{C339C5EC-14B6-4EB3-A2B9-09F0D46D10EC}.Ad-Hoc|iPhoneSimulator.ActiveCfg = Debug|Any CPU
		{C339C5EC-14B6-4EB3-A2B9-09F0D46D10EC}.Ad-Hoc|iPhoneSimulator.Build.0 = Debug|Any CPU
		{C339C5EC-14B6-4EB3-A2B9-09F0D46D10EC}.Ad-Hoc|iPhoneSimulator.Deploy.0 = Debug|Any CPU
		{C339C5EC-14B6-4EB3-A2B9-09F0D46D10EC}.AppStore|Any CPU.ActiveCfg = Debug|Any CPU
		{C339C5EC-14B6-4EB3-A2B9-09F0D46D10EC}.AppStore|Any CPU.Build.0 = Debug|Any CPU
		{C339C5EC-14B6-4EB3-A2B9-09F0D46D10EC}.AppStore|Any CPU.Deploy.0 = Debug|Any CPU
		{C339C5EC-14B6-4EB3-A2B9-09F0D46D10EC}.AppStore|iPhone.ActiveCfg = Debug|Any CPU
		{C339C5EC-14B6-4EB3-A2B9-09F0D46D10EC}.AppStore|iPhone.Build.0 = Debug|Any CPU
		{C339C5EC-14B6-4EB3-A2B9-09F0D46D10EC}.AppStore|iPhone.Deploy.0 = Debug|Any CPU
		{C339C5EC-14B6-4EB3-A2B9-09F0D46D10EC}.AppStore|iPhoneSimulator.ActiveCfg = Debug|Any CPU
		{C339C5EC-14B6-4EB3-A2B9-09F0D46D10EC}.AppStore|iPhoneSimulator.Build.0 = Debug|Any CPU
		{C339C5EC-14B6-4EB3-A2B9-09F0D46D10EC}.AppStore|iPhoneSimulator.Deploy.0 = Debug|Any CPU
		{C339C5EC-14B6-4EB3-A2B9-09F0D46D10EC}.Debug|Any CPU.ActiveCfg = Debug|Any CPU
		{C339C5EC-14B6-4EB3-A2B9-09F0D46D10EC}.Debug|Any CPU.Build.0 = Debug|Any CPU
		{C339C5EC-14B6-4EB3-A2B9-09F0D46D10EC}.Debug|Any CPU.Deploy.0 = Debug|Any CPU
		{C339C5EC-14B6-4EB3-A2B9-09F0D46D10EC}.Debug|iPhone.ActiveCfg = Debug|Any CPU
		{C339C5EC-14B6-4EB3-A2B9-09F0D46D10EC}.Debug|iPhone.Build.0 = Debug|Any CPU
		{C339C5EC-14B6-4EB3-A2B9-09F0D46D10EC}.Debug|iPhone.Deploy.0 = Debug|Any CPU
		{C339C5EC-14B6-4EB3-A2B9-09F0D46D10EC}.Debug|iPhoneSimulator.ActiveCfg = Debug|Any CPU
		{C339C5EC-14B6-4EB3-A2B9-09F0D46D10EC}.Debug|iPhoneSimulator.Build.0 = Debug|Any CPU
		{C339C5EC-14B6-4EB3-A2B9-09F0D46D10EC}.Debug|iPhoneSimulator.Deploy.0 = Debug|Any CPU
		{C339C5EC-14B6-4EB3-A2B9-09F0D46D10EC}.Release|Any CPU.ActiveCfg = Release|Any CPU
		{C339C5EC-14B6-4EB3-A2B9-09F0D46D10EC}.Release|Any CPU.Build.0 = Release|Any CPU
		{C339C5EC-14B6-4EB3-A2B9-09F0D46D10EC}.Release|Any CPU.Deploy.0 = Release|Any CPU
		{C339C5EC-14B6-4EB3-A2B9-09F0D46D10EC}.Release|iPhone.ActiveCfg = Release|Any CPU
		{C339C5EC-14B6-4EB3-A2B9-09F0D46D10EC}.Release|iPhone.Build.0 = Release|Any CPU
		{C339C5EC-14B6-4EB3-A2B9-09F0D46D10EC}.Release|iPhone.Deploy.0 = Release|Any CPU
		{C339C5EC-14B6-4EB3-A2B9-09F0D46D10EC}.Release|iPhoneSimulator.ActiveCfg = Release|Any CPU
		{C339C5EC-14B6-4EB3-A2B9-09F0D46D10EC}.Release|iPhoneSimulator.Build.0 = Release|Any CPU
		{C339C5EC-14B6-4EB3-A2B9-09F0D46D10EC}.Release|iPhoneSimulator.Deploy.0 = Release|Any CPU
	EndGlobalSection
	GlobalSection(SolutionProperties) = preSolution
		HideSolutionNode = FALSE
	EndGlobalSection
	GlobalSection(ExtensibilityGlobals) = postSolution
		SolutionGuid = {529E689D-F6D1-4F9E-A08D-7D00711AB75E}
	EndGlobalSection
EndGlobal
